
Microsoft Visual Studio Solution File, Format Version 12.00
# Visual Studio Version 17
VisualStudioVersion = 17.0.31903.59
MinimumVisualStudioVersion = 10.0.40219.1
Project("{2150E333-8FDC-42A3-9474-1A3956D46DE8}") = "src", "src", "{89EC3276-D9A8-472D-BF5F-4B51E2FF5F09}"
EndProject
Project("{FAE04EC0-301F-11D3-BF4B-00C04F79EFBC}") = "netcore-opengl-core", "src\core\netcore-opengl-core.csproj", "{F5E3CDDB-F28F-45D9-9660-B2740CF8CD14}"
EndProject
Project("{FAE04EC0-301F-11D3-BF4B-00C04F79EFBC}") = "netcore-opengl-shapes", "src\shapes\netcore-opengl-shapes.csproj", "{576F87ED-E17E-4078-BB15-224D4C0DA30F}"
EndProject
Project("{FAE04EC0-301F-11D3-BF4B-00C04F79EFBC}") = "netcore-opengl-gui", "src\gui\netcore-opengl-gui.csproj", "{56EAE0F2-1B51-48C8-BBFF-DF5241BF7279}"
EndProject
Project("{2150E333-8FDC-42A3-9474-1A3956D46DE8}") = "examples", "examples", "{FD57C411-3D0B-49DB-8C1E-B7CDBE17D462}"
EndProject
Project("{FAE04EC0-301F-11D3-BF4B-00C04F79EFBC}") = "example-0000", "examples\example-0000\example-0000.csproj", "{E3D17BFB-B7D1-4BAA-9B1C-9880A60A7FA9}"
EndProject
Project("{FAE04EC0-301F-11D3-BF4B-00C04F79EFBC}") = "example-0001", "examples\example-0001\example-0001.csproj", "{9F75CB9F-B3BE-41C7-A1F9-F4B780C47A8B}"
EndProject
Project("{FAE04EC0-301F-11D3-BF4B-00C04F79EFBC}") = "example-0002", "examples\example-0002\example-0002.csproj", "{CD3839D6-CEEB-43C2-8ACD-DA73D5DB9C2A}"
EndProject
Project("{FAE04EC0-301F-11D3-BF4B-00C04F79EFBC}") = "example-0003", "examples\example-0003\example-0003.csproj", "{73EA186B-FB00-4CCA-9709-E32D7EEF1292}"
EndProject
Project("{FAE04EC0-301F-11D3-BF4B-00C04F79EFBC}") = "example-0004", "examples\example-0004\example-0004.csproj", "{40AF682C-FC87-42FD-8F55-6F71796913FA}"
EndProject
Project("{FAE04EC0-301F-11D3-BF4B-00C04F79EFBC}") = "example-0005", "examples\example-0005\example-0005.csproj", "{98ACEBDA-1D4F-4D6B-8BA6-2BA1AAAC16F3}"
EndProject
Project("{FAE04EC0-301F-11D3-BF4B-00C04F79EFBC}") = "example-0006", "examples\example-0006\example-0006.csproj", "{01049C27-9400-48F8-80A9-B21D1D4F3381}"
EndProject
Project("{FAE04EC0-301F-11D3-BF4B-00C04F79EFBC}") = "example-0007", "examples\example-0007\example-0007.csproj", "{9105349E-3DF3-4911-95BF-03BE2AE00801}"
EndProject
Project("{FAE04EC0-301F-11D3-BF4B-00C04F79EFBC}") = "example-0008", "examples\example-0008\example-0008.csproj", "{22D553F4-C920-447C-BB5A-56246E604740}"
EndProject
Project("{FAE04EC0-301F-11D3-BF4B-00C04F79EFBC}") = "example-0009", "examples\example-0009\example-0009.csproj", "{D89B667B-9456-44F9-B50B-8858E6870E6D}"
EndProject
Project("{FAE04EC0-301F-11D3-BF4B-00C04F79EFBC}") = "example-0011", "examples\example-0011\example-0011.csproj", "{DD53A585-5595-4AE6-B9D9-46A248D29A93}"
EndProject
Project("{FAE04EC0-301F-11D3-BF4B-00C04F79EFBC}") = "example-0012", "examples\example-0012\example-0012.csproj", "{CAAFC325-03D9-4BD5-ACE5-704783CDA115}"
EndProject
Project("{FAE04EC0-301F-11D3-BF4B-00C04F79EFBC}") = "example-figures", "examples\example-figures\example-figures.csproj", "{36D54874-C0D8-400D-BF19-3EF086B97FDF}"
EndProject
Project("{FAE04EC0-301F-11D3-BF4B-00C04F79EFBC}") = "example-0013", "examples\example-0013\example-0013.csproj", "{9EBCBD75-6E00-42D5-B61E-2247C1053F9E}"
EndProject
Project("{FAE04EC0-301F-11D3-BF4B-00C04F79EFBC}") = "example-0014", "examples\example-0014\example-0014.csproj", "{A9871E29-5B0F-43DC-A4A2-A6FB3D792848}"
EndProject
Project("{FAE04EC0-301F-11D3-BF4B-00C04F79EFBC}") = "example-0015", "examples\example-0015\example-0015.csproj", "{5DEA0B12-5245-4821-8E47-973F62C3C166}"
EndProject
Project("{FAE04EC0-301F-11D3-BF4B-00C04F79EFBC}") = "test", "src\test\test.csproj", "{4D7E50AD-2ECB-4874-9079-7A080CDF400E}"
EndProject
Project("{FAE04EC0-301F-11D3-BF4B-00C04F79EFBC}") = "example-0016", "examples\example-0016\example-0016.csproj", "{66DA1930-4AFB-44F3-8489-6748A65E9D86}"
EndProject
Project("{FAE04EC0-301F-11D3-BF4B-00C04F79EFBC}") = "example-0017", "examples\example-0017\example-0017.csproj", "{11D3B5F9-5818-413E-91CD-47BEA2D9290E}"
EndProject
Project("{FAE04EC0-301F-11D3-BF4B-00C04F79EFBC}") = "example-0018", "examples\example-0018\example-0018.csproj", "{537FC495-9FA2-405F-BF16-E322ECC417E9}"
EndProject
Project("{FAE04EC0-301F-11D3-BF4B-00C04F79EFBC}") = "example-0019", "examples\example-0019\example-0019.csproj", "{0F731DE6-A20B-4810-86D8-AF18892270A9}"
EndProject
Project("{FAE04EC0-301F-11D3-BF4B-00C04F79EFBC}") = "example-0020", "examples\example-0020\example-0020.csproj", "{E8EA2424-BC02-4743-BACB-B97A69A3C63E}"
EndProject
Project("{FAE04EC0-301F-11D3-BF4B-00C04F79EFBC}") = "example-0010", "examples\example-0010\example-0010.csproj", "{7356A338-2E15-4BFA-BBD9-FA77CB95A1A3}"
EndProject
Project("{FAE04EC0-301F-11D3-BF4B-00C04F79EFBC}") = "example-9000", "examples\example-9000\example-9000.csproj", "{0AC89FF7-5E64-4F7C-B275-2AD5D276004D}"
EndProject
Project("{FAE04EC0-301F-11D3-BF4B-00C04F79EFBC}") = "example-9001", "examples\example-9001\example-9001.csproj", "{00BA865E-CA95-4D3C-94DC-B08DCA5FB017}"
EndProject
Project("{FAE04EC0-301F-11D3-BF4B-00C04F79EFBC}") = "example-9002", "examples\example-9002\example-9002.csproj", "{F26405C6-BC67-4A02-A9A8-4FAC4DDAD796}"
EndProject
Project("{FAE04EC0-301F-11D3-BF4B-00C04F79EFBC}") = "example-0021", "examples\example-0021\example-0021.csproj", "{266D25A6-50F3-43F8-8507-3EF1E9CE34AD}"
EndProject
Project("{FAE04EC0-301F-11D3-BF4B-00C04F79EFBC}") = "example-0022", "examples\example-0022\example-0022.csproj", "{CADDEE76-3076-4F93-A17C-F88A5B5F0323}"
EndProject
Project("{FAE04EC0-301F-11D3-BF4B-00C04F79EFBC}") = "example-0023", "examples\example-0023\example-0023.csproj", "{1B3687A4-FA1F-43A7-B7C4-09C95ABC45BC}"
EndProject
Project("{FAE04EC0-301F-11D3-BF4B-00C04F79EFBC}") = "example-0024", "examples\example-0024\example-0024.csproj", "{4DD70ABA-EB92-4188-809E-E02C754B15DC}"
EndProject
Project("{FAE04EC0-301F-11D3-BF4B-00C04F79EFBC}") = "netcore-opengl-nurbs", "src\nurbs\netcore-opengl-nurbs.csproj", "{59DC2D75-F7C5-4B80-B1FB-CDF1A157345E}"
EndProject
Global
	GlobalSection(SolutionConfigurationPlatforms) = preSolution
		Debug|Any CPU = Debug|Any CPU
		Release|Any CPU = Release|Any CPU
	EndGlobalSection
	GlobalSection(SolutionProperties) = preSolution
		HideSolutionNode = FALSE
	EndGlobalSection
	GlobalSection(ProjectConfigurationPlatforms) = postSolution
		{F5E3CDDB-F28F-45D9-9660-B2740CF8CD14}.Debug|Any CPU.ActiveCfg = Debug|Any CPU
		{F5E3CDDB-F28F-45D9-9660-B2740CF8CD14}.Debug|Any CPU.Build.0 = Debug|Any CPU
		{F5E3CDDB-F28F-45D9-9660-B2740CF8CD14}.Release|Any CPU.ActiveCfg = Release|Any CPU
		{F5E3CDDB-F28F-45D9-9660-B2740CF8CD14}.Release|Any CPU.Build.0 = Release|Any CPU
		{576F87ED-E17E-4078-BB15-224D4C0DA30F}.Debug|Any CPU.ActiveCfg = Debug|Any CPU
		{576F87ED-E17E-4078-BB15-224D4C0DA30F}.Debug|Any CPU.Build.0 = Debug|Any CPU
		{576F87ED-E17E-4078-BB15-224D4C0DA30F}.Release|Any CPU.ActiveCfg = Release|Any CPU
		{576F87ED-E17E-4078-BB15-224D4C0DA30F}.Release|Any CPU.Build.0 = Release|Any CPU
		{56EAE0F2-1B51-48C8-BBFF-DF5241BF7279}.Debug|Any CPU.ActiveCfg = Debug|Any CPU
		{56EAE0F2-1B51-48C8-BBFF-DF5241BF7279}.Debug|Any CPU.Build.0 = Debug|Any CPU
		{56EAE0F2-1B51-48C8-BBFF-DF5241BF7279}.Release|Any CPU.ActiveCfg = Release|Any CPU
		{56EAE0F2-1B51-48C8-BBFF-DF5241BF7279}.Release|Any CPU.Build.0 = Release|Any CPU
		{E3D17BFB-B7D1-4BAA-9B1C-9880A60A7FA9}.Debug|Any CPU.ActiveCfg = Debug|Any CPU
		{E3D17BFB-B7D1-4BAA-9B1C-9880A60A7FA9}.Debug|Any CPU.Build.0 = Debug|Any CPU
		{E3D17BFB-B7D1-4BAA-9B1C-9880A60A7FA9}.Release|Any CPU.ActiveCfg = Release|Any CPU
		{E3D17BFB-B7D1-4BAA-9B1C-9880A60A7FA9}.Release|Any CPU.Build.0 = Release|Any CPU
		{9F75CB9F-B3BE-41C7-A1F9-F4B780C47A8B}.Debug|Any CPU.ActiveCfg = Debug|Any CPU
		{9F75CB9F-B3BE-41C7-A1F9-F4B780C47A8B}.Debug|Any CPU.Build.0 = Debug|Any CPU
		{9F75CB9F-B3BE-41C7-A1F9-F4B780C47A8B}.Release|Any CPU.ActiveCfg = Release|Any CPU
		{9F75CB9F-B3BE-41C7-A1F9-F4B780C47A8B}.Release|Any CPU.Build.0 = Release|Any CPU
		{CD3839D6-CEEB-43C2-8ACD-DA73D5DB9C2A}.Debug|Any CPU.ActiveCfg = Debug|Any CPU
		{CD3839D6-CEEB-43C2-8ACD-DA73D5DB9C2A}.Debug|Any CPU.Build.0 = Debug|Any CPU
		{CD3839D6-CEEB-43C2-8ACD-DA73D5DB9C2A}.Release|Any CPU.ActiveCfg = Release|Any CPU
		{CD3839D6-CEEB-43C2-8ACD-DA73D5DB9C2A}.Release|Any CPU.Build.0 = Release|Any CPU
		{73EA186B-FB00-4CCA-9709-E32D7EEF1292}.Debug|Any CPU.ActiveCfg = Debug|Any CPU
		{73EA186B-FB00-4CCA-9709-E32D7EEF1292}.Debug|Any CPU.Build.0 = Debug|Any CPU
		{73EA186B-FB00-4CCA-9709-E32D7EEF1292}.Release|Any CPU.ActiveCfg = Release|Any CPU
		{73EA186B-FB00-4CCA-9709-E32D7EEF1292}.Release|Any CPU.Build.0 = Release|Any CPU
		{40AF682C-FC87-42FD-8F55-6F71796913FA}.Debug|Any CPU.ActiveCfg = Debug|Any CPU
		{40AF682C-FC87-42FD-8F55-6F71796913FA}.Debug|Any CPU.Build.0 = Debug|Any CPU
		{40AF682C-FC87-42FD-8F55-6F71796913FA}.Release|Any CPU.ActiveCfg = Release|Any CPU
		{40AF682C-FC87-42FD-8F55-6F71796913FA}.Release|Any CPU.Build.0 = Release|Any CPU
		{98ACEBDA-1D4F-4D6B-8BA6-2BA1AAAC16F3}.Debug|Any CPU.ActiveCfg = Debug|Any CPU
		{98ACEBDA-1D4F-4D6B-8BA6-2BA1AAAC16F3}.Debug|Any CPU.Build.0 = Debug|Any CPU
		{98ACEBDA-1D4F-4D6B-8BA6-2BA1AAAC16F3}.Release|Any CPU.ActiveCfg = Release|Any CPU
		{98ACEBDA-1D4F-4D6B-8BA6-2BA1AAAC16F3}.Release|Any CPU.Build.0 = Release|Any CPU
		{01049C27-9400-48F8-80A9-B21D1D4F3381}.Debug|Any CPU.ActiveCfg = Debug|Any CPU
		{01049C27-9400-48F8-80A9-B21D1D4F3381}.Debug|Any CPU.Build.0 = Debug|Any CPU
		{01049C27-9400-48F8-80A9-B21D1D4F3381}.Release|Any CPU.ActiveCfg = Release|Any CPU
		{01049C27-9400-48F8-80A9-B21D1D4F3381}.Release|Any CPU.Build.0 = Release|Any CPU
		{9105349E-3DF3-4911-95BF-03BE2AE00801}.Debug|Any CPU.ActiveCfg = Debug|Any CPU
		{9105349E-3DF3-4911-95BF-03BE2AE00801}.Debug|Any CPU.Build.0 = Debug|Any CPU
		{9105349E-3DF3-4911-95BF-03BE2AE00801}.Release|Any CPU.ActiveCfg = Release|Any CPU
		{9105349E-3DF3-4911-95BF-03BE2AE00801}.Release|Any CPU.Build.0 = Release|Any CPU
		{22D553F4-C920-447C-BB5A-56246E604740}.Debug|Any CPU.ActiveCfg = Debug|Any CPU
		{22D553F4-C920-447C-BB5A-56246E604740}.Debug|Any CPU.Build.0 = Debug|Any CPU
		{22D553F4-C920-447C-BB5A-56246E604740}.Release|Any CPU.ActiveCfg = Release|Any CPU
		{22D553F4-C920-447C-BB5A-56246E604740}.Release|Any CPU.Build.0 = Release|Any CPU
		{D89B667B-9456-44F9-B50B-8858E6870E6D}.Debug|Any CPU.ActiveCfg = Debug|Any CPU
		{D89B667B-9456-44F9-B50B-8858E6870E6D}.Debug|Any CPU.Build.0 = Debug|Any CPU
		{D89B667B-9456-44F9-B50B-8858E6870E6D}.Release|Any CPU.ActiveCfg = Release|Any CPU
		{D89B667B-9456-44F9-B50B-8858E6870E6D}.Release|Any CPU.Build.0 = Release|Any CPU
		{DD53A585-5595-4AE6-B9D9-46A248D29A93}.Debug|Any CPU.ActiveCfg = Debug|Any CPU
		{DD53A585-5595-4AE6-B9D9-46A248D29A93}.Debug|Any CPU.Build.0 = Debug|Any CPU
		{DD53A585-5595-4AE6-B9D9-46A248D29A93}.Release|Any CPU.ActiveCfg = Release|Any CPU
		{DD53A585-5595-4AE6-B9D9-46A248D29A93}.Release|Any CPU.Build.0 = Release|Any CPU
		{CAAFC325-03D9-4BD5-ACE5-704783CDA115}.Debug|Any CPU.ActiveCfg = Debug|Any CPU
		{CAAFC325-03D9-4BD5-ACE5-704783CDA115}.Debug|Any CPU.Build.0 = Debug|Any CPU
		{CAAFC325-03D9-4BD5-ACE5-704783CDA115}.Release|Any CPU.ActiveCfg = Release|Any CPU
		{CAAFC325-03D9-4BD5-ACE5-704783CDA115}.Release|Any CPU.Build.0 = Release|Any CPU
		{36D54874-C0D8-400D-BF19-3EF086B97FDF}.Debug|Any CPU.ActiveCfg = Debug|Any CPU
		{36D54874-C0D8-400D-BF19-3EF086B97FDF}.Debug|Any CPU.Build.0 = Debug|Any CPU
		{36D54874-C0D8-400D-BF19-3EF086B97FDF}.Release|Any CPU.ActiveCfg = Release|Any CPU
		{36D54874-C0D8-400D-BF19-3EF086B97FDF}.Release|Any CPU.Build.0 = Release|Any CPU
		{9EBCBD75-6E00-42D5-B61E-2247C1053F9E}.Debug|Any CPU.ActiveCfg = Debug|Any CPU
		{9EBCBD75-6E00-42D5-B61E-2247C1053F9E}.Debug|Any CPU.Build.0 = Debug|Any CPU
		{9EBCBD75-6E00-42D5-B61E-2247C1053F9E}.Release|Any CPU.ActiveCfg = Release|Any CPU
		{9EBCBD75-6E00-42D5-B61E-2247C1053F9E}.Release|Any CPU.Build.0 = Release|Any CPU
		{A9871E29-5B0F-43DC-A4A2-A6FB3D792848}.Debug|Any CPU.ActiveCfg = Debug|Any CPU
		{A9871E29-5B0F-43DC-A4A2-A6FB3D792848}.Debug|Any CPU.Build.0 = Debug|Any CPU
		{A9871E29-5B0F-43DC-A4A2-A6FB3D792848}.Release|Any CPU.ActiveCfg = Release|Any CPU
		{A9871E29-5B0F-43DC-A4A2-A6FB3D792848}.Release|Any CPU.Build.0 = Release|Any CPU
		{5DEA0B12-5245-4821-8E47-973F62C3C166}.Debug|Any CPU.ActiveCfg = Debug|Any CPU
		{5DEA0B12-5245-4821-8E47-973F62C3C166}.Debug|Any CPU.Build.0 = Debug|Any CPU
		{5DEA0B12-5245-4821-8E47-973F62C3C166}.Release|Any CPU.ActiveCfg = Release|Any CPU
		{5DEA0B12-5245-4821-8E47-973F62C3C166}.Release|Any CPU.Build.0 = Release|Any CPU
		{4D7E50AD-2ECB-4874-9079-7A080CDF400E}.Debug|Any CPU.ActiveCfg = Debug|Any CPU
		{4D7E50AD-2ECB-4874-9079-7A080CDF400E}.Debug|Any CPU.Build.0 = Debug|Any CPU
		{4D7E50AD-2ECB-4874-9079-7A080CDF400E}.Release|Any CPU.ActiveCfg = Release|Any CPU
		{4D7E50AD-2ECB-4874-9079-7A080CDF400E}.Release|Any CPU.Build.0 = Release|Any CPU
		{66DA1930-4AFB-44F3-8489-6748A65E9D86}.Debug|Any CPU.ActiveCfg = Debug|Any CPU
		{66DA1930-4AFB-44F3-8489-6748A65E9D86}.Debug|Any CPU.Build.0 = Debug|Any CPU
		{66DA1930-4AFB-44F3-8489-6748A65E9D86}.Release|Any CPU.ActiveCfg = Release|Any CPU
		{66DA1930-4AFB-44F3-8489-6748A65E9D86}.Release|Any CPU.Build.0 = Release|Any CPU
		{11D3B5F9-5818-413E-91CD-47BEA2D9290E}.Debug|Any CPU.ActiveCfg = Debug|Any CPU
		{11D3B5F9-5818-413E-91CD-47BEA2D9290E}.Debug|Any CPU.Build.0 = Debug|Any CPU
		{11D3B5F9-5818-413E-91CD-47BEA2D9290E}.Release|Any CPU.ActiveCfg = Release|Any CPU
		{11D3B5F9-5818-413E-91CD-47BEA2D9290E}.Release|Any CPU.Build.0 = Release|Any CPU
		{537FC495-9FA2-405F-BF16-E322ECC417E9}.Debug|Any CPU.ActiveCfg = Debug|Any CPU
		{537FC495-9FA2-405F-BF16-E322ECC417E9}.Debug|Any CPU.Build.0 = Debug|Any CPU
		{537FC495-9FA2-405F-BF16-E322ECC417E9}.Release|Any CPU.ActiveCfg = Release|Any CPU
		{537FC495-9FA2-405F-BF16-E322ECC417E9}.Release|Any CPU.Build.0 = Release|Any CPU
		{0F731DE6-A20B-4810-86D8-AF18892270A9}.Debug|Any CPU.ActiveCfg = Debug|Any CPU
		{0F731DE6-A20B-4810-86D8-AF18892270A9}.Debug|Any CPU.Build.0 = Debug|Any CPU
		{0F731DE6-A20B-4810-86D8-AF18892270A9}.Release|Any CPU.ActiveCfg = Release|Any CPU
		{0F731DE6-A20B-4810-86D8-AF18892270A9}.Release|Any CPU.Build.0 = Release|Any CPU
		{E8EA2424-BC02-4743-BACB-B97A69A3C63E}.Debug|Any CPU.ActiveCfg = Debug|Any CPU
		{E8EA2424-BC02-4743-BACB-B97A69A3C63E}.Debug|Any CPU.Build.0 = Debug|Any CPU
		{E8EA2424-BC02-4743-BACB-B97A69A3C63E}.Release|Any CPU.ActiveCfg = Release|Any CPU
		{E8EA2424-BC02-4743-BACB-B97A69A3C63E}.Release|Any CPU.Build.0 = Release|Any CPU
		{7356A338-2E15-4BFA-BBD9-FA77CB95A1A3}.Debug|Any CPU.ActiveCfg = Debug|Any CPU
		{7356A338-2E15-4BFA-BBD9-FA77CB95A1A3}.Debug|Any CPU.Build.0 = Debug|Any CPU
		{7356A338-2E15-4BFA-BBD9-FA77CB95A1A3}.Release|Any CPU.ActiveCfg = Release|Any CPU
		{7356A338-2E15-4BFA-BBD9-FA77CB95A1A3}.Release|Any CPU.Build.0 = Release|Any CPU
		{0AC89FF7-5E64-4F7C-B275-2AD5D276004D}.Debug|Any CPU.ActiveCfg = Debug|Any CPU
		{0AC89FF7-5E64-4F7C-B275-2AD5D276004D}.Debug|Any CPU.Build.0 = Debug|Any CPU
		{0AC89FF7-5E64-4F7C-B275-2AD5D276004D}.Release|Any CPU.ActiveCfg = Release|Any CPU
		{0AC89FF7-5E64-4F7C-B275-2AD5D276004D}.Release|Any CPU.Build.0 = Release|Any CPU
		{00BA865E-CA95-4D3C-94DC-B08DCA5FB017}.Debug|Any CPU.ActiveCfg = Debug|Any CPU
		{00BA865E-CA95-4D3C-94DC-B08DCA5FB017}.Debug|Any CPU.Build.0 = Debug|Any CPU
		{00BA865E-CA95-4D3C-94DC-B08DCA5FB017}.Release|Any CPU.ActiveCfg = Release|Any CPU
		{00BA865E-CA95-4D3C-94DC-B08DCA5FB017}.Release|Any CPU.Build.0 = Release|Any CPU
		{F26405C6-BC67-4A02-A9A8-4FAC4DDAD796}.Debug|Any CPU.ActiveCfg = Debug|Any CPU
		{F26405C6-BC67-4A02-A9A8-4FAC4DDAD796}.Debug|Any CPU.Build.0 = Debug|Any CPU
		{F26405C6-BC67-4A02-A9A8-4FAC4DDAD796}.Release|Any CPU.ActiveCfg = Release|Any CPU
		{F26405C6-BC67-4A02-A9A8-4FAC4DDAD796}.Release|Any CPU.Build.0 = Release|Any CPU
		{266D25A6-50F3-43F8-8507-3EF1E9CE34AD}.Debug|Any CPU.ActiveCfg = Debug|Any CPU
		{266D25A6-50F3-43F8-8507-3EF1E9CE34AD}.Debug|Any CPU.Build.0 = Debug|Any CPU
		{266D25A6-50F3-43F8-8507-3EF1E9CE34AD}.Release|Any CPU.ActiveCfg = Release|Any CPU
		{266D25A6-50F3-43F8-8507-3EF1E9CE34AD}.Release|Any CPU.Build.0 = Release|Any CPU
		{CADDEE76-3076-4F93-A17C-F88A5B5F0323}.Debug|Any CPU.ActiveCfg = Debug|Any CPU
		{CADDEE76-3076-4F93-A17C-F88A5B5F0323}.Debug|Any CPU.Build.0 = Debug|Any CPU
		{CADDEE76-3076-4F93-A17C-F88A5B5F0323}.Release|Any CPU.ActiveCfg = Release|Any CPU
		{CADDEE76-3076-4F93-A17C-F88A5B5F0323}.Release|Any CPU.Build.0 = Release|Any CPU
		{1B3687A4-FA1F-43A7-B7C4-09C95ABC45BC}.Debug|Any CPU.ActiveCfg = Debug|Any CPU
		{1B3687A4-FA1F-43A7-B7C4-09C95ABC45BC}.Debug|Any CPU.Build.0 = Debug|Any CPU
		{1B3687A4-FA1F-43A7-B7C4-09C95ABC45BC}.Release|Any CPU.ActiveCfg = Release|Any CPU
		{1B3687A4-FA1F-43A7-B7C4-09C95ABC45BC}.Release|Any CPU.Build.0 = Release|Any CPU
		{4DD70ABA-EB92-4188-809E-E02C754B15DC}.Debug|Any CPU.ActiveCfg = Debug|Any CPU
		{4DD70ABA-EB92-4188-809E-E02C754B15DC}.Debug|Any CPU.Build.0 = Debug|Any CPU
		{4DD70ABA-EB92-4188-809E-E02C754B15DC}.Release|Any CPU.ActiveCfg = Release|Any CPU
		{4DD70ABA-EB92-4188-809E-E02C754B15DC}.Release|Any CPU.Build.0 = Release|Any CPU
		{59DC2D75-F7C5-4B80-B1FB-CDF1A157345E}.Debug|Any CPU.ActiveCfg = Debug|Any CPU
		{59DC2D75-F7C5-4B80-B1FB-CDF1A157345E}.Debug|Any CPU.Build.0 = Debug|Any CPU
		{59DC2D75-F7C5-4B80-B1FB-CDF1A157345E}.Release|Any CPU.ActiveCfg = Release|Any CPU
		{59DC2D75-F7C5-4B80-B1FB-CDF1A157345E}.Release|Any CPU.Build.0 = Release|Any CPU
	EndGlobalSection
	GlobalSection(NestedProjects) = preSolution
		{F5E3CDDB-F28F-45D9-9660-B2740CF8CD14} = {89EC3276-D9A8-472D-BF5F-4B51E2FF5F09}
		{576F87ED-E17E-4078-BB15-224D4C0DA30F} = {89EC3276-D9A8-472D-BF5F-4B51E2FF5F09}
		{56EAE0F2-1B51-48C8-BBFF-DF5241BF7279} = {89EC3276-D9A8-472D-BF5F-4B51E2FF5F09}
		{E3D17BFB-B7D1-4BAA-9B1C-9880A60A7FA9} = {FD57C411-3D0B-49DB-8C1E-B7CDBE17D462}
		{9F75CB9F-B3BE-41C7-A1F9-F4B780C47A8B} = {FD57C411-3D0B-49DB-8C1E-B7CDBE17D462}
		{CD3839D6-CEEB-43C2-8ACD-DA73D5DB9C2A} = {FD57C411-3D0B-49DB-8C1E-B7CDBE17D462}
		{73EA186B-FB00-4CCA-9709-E32D7EEF1292} = {FD57C411-3D0B-49DB-8C1E-B7CDBE17D462}
		{40AF682C-FC87-42FD-8F55-6F71796913FA} = {FD57C411-3D0B-49DB-8C1E-B7CDBE17D462}
		{98ACEBDA-1D4F-4D6B-8BA6-2BA1AAAC16F3} = {FD57C411-3D0B-49DB-8C1E-B7CDBE17D462}
		{01049C27-9400-48F8-80A9-B21D1D4F3381} = {FD57C411-3D0B-49DB-8C1E-B7CDBE17D462}
		{9105349E-3DF3-4911-95BF-03BE2AE00801} = {FD57C411-3D0B-49DB-8C1E-B7CDBE17D462}
		{22D553F4-C920-447C-BB5A-56246E604740} = {FD57C411-3D0B-49DB-8C1E-B7CDBE17D462}
		{D89B667B-9456-44F9-B50B-8858E6870E6D} = {FD57C411-3D0B-49DB-8C1E-B7CDBE17D462}
		{DD53A585-5595-4AE6-B9D9-46A248D29A93} = {FD57C411-3D0B-49DB-8C1E-B7CDBE17D462}
		{CAAFC325-03D9-4BD5-ACE5-704783CDA115} = {FD57C411-3D0B-49DB-8C1E-B7CDBE17D462}
		{36D54874-C0D8-400D-BF19-3EF086B97FDF} = {FD57C411-3D0B-49DB-8C1E-B7CDBE17D462}
		{9EBCBD75-6E00-42D5-B61E-2247C1053F9E} = {FD57C411-3D0B-49DB-8C1E-B7CDBE17D462}
		{A9871E29-5B0F-43DC-A4A2-A6FB3D792848} = {FD57C411-3D0B-49DB-8C1E-B7CDBE17D462}
		{5DEA0B12-5245-4821-8E47-973F62C3C166} = {FD57C411-3D0B-49DB-8C1E-B7CDBE17D462}
		{4D7E50AD-2ECB-4874-9079-7A080CDF400E} = {89EC3276-D9A8-472D-BF5F-4B51E2FF5F09}
		{66DA1930-4AFB-44F3-8489-6748A65E9D86} = {FD57C411-3D0B-49DB-8C1E-B7CDBE17D462}
		{11D3B5F9-5818-413E-91CD-47BEA2D9290E} = {FD57C411-3D0B-49DB-8C1E-B7CDBE17D462}
		{537FC495-9FA2-405F-BF16-E322ECC417E9} = {FD57C411-3D0B-49DB-8C1E-B7CDBE17D462}
		{0F731DE6-A20B-4810-86D8-AF18892270A9} = {FD57C411-3D0B-49DB-8C1E-B7CDBE17D462}
		{E8EA2424-BC02-4743-BACB-B97A69A3C63E} = {FD57C411-3D0B-49DB-8C1E-B7CDBE17D462}
		{7356A338-2E15-4BFA-BBD9-FA77CB95A1A3} = {FD57C411-3D0B-49DB-8C1E-B7CDBE17D462}
		{0AC89FF7-5E64-4F7C-B275-2AD5D276004D} = {FD57C411-3D0B-49DB-8C1E-B7CDBE17D462}
		{00BA865E-CA95-4D3C-94DC-B08DCA5FB017} = {FD57C411-3D0B-49DB-8C1E-B7CDBE17D462}
		{F26405C6-BC67-4A02-A9A8-4FAC4DDAD796} = {FD57C411-3D0B-49DB-8C1E-B7CDBE17D462}
		{266D25A6-50F3-43F8-8507-3EF1E9CE34AD} = {FD57C411-3D0B-49DB-8C1E-B7CDBE17D462}
		{CADDEE76-3076-4F93-A17C-F88A5B5F0323} = {FD57C411-3D0B-49DB-8C1E-B7CDBE17D462}
		{1B3687A4-FA1F-43A7-B7C4-09C95ABC45BC} = {FD57C411-3D0B-49DB-8C1E-B7CDBE17D462}
		{4DD70ABA-EB92-4188-809E-E02C754B15DC} = {FD57C411-3D0B-49DB-8C1E-B7CDBE17D462}
		{59DC2D75-F7C5-4B80-B1FB-CDF1A157345E} = {89EC3276-D9A8-472D-BF5F-4B51E2FF5F09}
	EndGlobalSection
EndGlobal
