
Microsoft Visual Studio Solution File, Format Version 12.00
# Visual Studio 15
VisualStudioVersion = 15.0.26124.0
MinimumVisualStudioVersion = 15.0.26124.0
Project("{FAE04EC0-301F-11D3-BF4B-00C04F79EFBC}") = "netcore-opengl", "netcore-opengl\netcore-opengl.csproj", "{80D21846-109E-426E-A68B-480B47C380A2}"
EndProject
Project("{2150E333-8FDC-42A3-9474-1A3956D46DE8}") = "examples", "examples", "{B6F62398-1728-4D63-B265-B4DAD73D2ED0}"
EndProject
Project("{FAE04EC0-301F-11D3-BF4B-00C04F79EFBC}") = "0001", "examples\0001\0001.csproj", "{67F87A30-4A09-4BE3-80A8-F968B133F3A3}"
EndProject
Project("{FAE04EC0-301F-11D3-BF4B-00C04F79EFBC}") = "0002", "examples\0002\0002.csproj", "{FCD5A3B0-19BC-44D4-8AE8-8CB348A76937}"
EndProject
Project("{FAE04EC0-301F-11D3-BF4B-00C04F79EFBC}") = "0003", "examples\0003\0003.csproj", "{F58E396D-3F0B-4124-A4BA-EA8ED0C7683A}"
EndProject
Global
	GlobalSection(SolutionConfigurationPlatforms) = preSolution
		Debug|Any CPU = Debug|Any CPU
		Debug|x64 = Debug|x64
		Debug|x86 = Debug|x86
		Release|Any CPU = Release|Any CPU
		Release|x64 = Release|x64
		Release|x86 = Release|x86
	EndGlobalSection
	GlobalSection(SolutionProperties) = preSolution
		HideSolutionNode = FALSE
	EndGlobalSection
	GlobalSection(ProjectConfigurationPlatforms) = postSolution
		{80D21846-109E-426E-A68B-480B47C380A2}.Debug|Any CPU.ActiveCfg = Debug|Any CPU
		{80D21846-109E-426E-A68B-480B47C380A2}.Debug|Any CPU.Build.0 = Debug|Any CPU
		{80D21846-109E-426E-A68B-480B47C380A2}.Debug|x64.ActiveCfg = Debug|Any CPU
		{80D21846-109E-426E-A68B-480B47C380A2}.Debug|x64.Build.0 = Debug|Any CPU
		{80D21846-109E-426E-A68B-480B47C380A2}.Debug|x86.ActiveCfg = Debug|Any CPU
		{80D21846-109E-426E-A68B-480B47C380A2}.Debug|x86.Build.0 = Debug|Any CPU
		{80D21846-109E-426E-A68B-480B47C380A2}.Release|Any CPU.ActiveCfg = Release|Any CPU
		{80D21846-109E-426E-A68B-480B47C380A2}.Release|Any CPU.Build.0 = Release|Any CPU
		{80D21846-109E-426E-A68B-480B47C380A2}.Release|x64.ActiveCfg = Release|Any CPU
		{80D21846-109E-426E-A68B-480B47C380A2}.Release|x64.Build.0 = Release|Any CPU
		{80D21846-109E-426E-A68B-480B47C380A2}.Release|x86.ActiveCfg = Release|Any CPU
		{80D21846-109E-426E-A68B-480B47C380A2}.Release|x86.Build.0 = Release|Any CPU
		{67F87A30-4A09-4BE3-80A8-F968B133F3A3}.Debug|Any CPU.ActiveCfg = Debug|Any CPU
		{67F87A30-4A09-4BE3-80A8-F968B133F3A3}.Debug|Any CPU.Build.0 = Debug|Any CPU
		{67F87A30-4A09-4BE3-80A8-F968B133F3A3}.Debug|x64.ActiveCfg = Debug|Any CPU
		{67F87A30-4A09-4BE3-80A8-F968B133F3A3}.Debug|x64.Build.0 = Debug|Any CPU
		{67F87A30-4A09-4BE3-80A8-F968B133F3A3}.Debug|x86.ActiveCfg = Debug|Any CPU
		{67F87A30-4A09-4BE3-80A8-F968B133F3A3}.Debug|x86.Build.0 = Debug|Any CPU
		{67F87A30-4A09-4BE3-80A8-F968B133F3A3}.Release|Any CPU.ActiveCfg = Release|Any CPU
		{67F87A30-4A09-4BE3-80A8-F968B133F3A3}.Release|Any CPU.Build.0 = Release|Any CPU
		{67F87A30-4A09-4BE3-80A8-F968B133F3A3}.Release|x64.ActiveCfg = Release|Any CPU
		{67F87A30-4A09-4BE3-80A8-F968B133F3A3}.Release|x64.Build.0 = Release|Any CPU
		{67F87A30-4A09-4BE3-80A8-F968B133F3A3}.Release|x86.ActiveCfg = Release|Any CPU
		{67F87A30-4A09-4BE3-80A8-F968B133F3A3}.Release|x86.Build.0 = Release|Any CPU
		{FCD5A3B0-19BC-44D4-8AE8-8CB348A76937}.Debug|Any CPU.ActiveCfg = Debug|Any CPU
		{FCD5A3B0-19BC-44D4-8AE8-8CB348A76937}.Debug|Any CPU.Build.0 = Debug|Any CPU
		{FCD5A3B0-19BC-44D4-8AE8-8CB348A76937}.Debug|x64.ActiveCfg = Debug|Any CPU
		{FCD5A3B0-19BC-44D4-8AE8-8CB348A76937}.Debug|x64.Build.0 = Debug|Any CPU
		{FCD5A3B0-19BC-44D4-8AE8-8CB348A76937}.Debug|x86.ActiveCfg = Debug|Any CPU
		{FCD5A3B0-19BC-44D4-8AE8-8CB348A76937}.Debug|x86.Build.0 = Debug|Any CPU
		{FCD5A3B0-19BC-44D4-8AE8-8CB348A76937}.Release|Any CPU.ActiveCfg = Release|Any CPU
		{FCD5A3B0-19BC-44D4-8AE8-8CB348A76937}.Release|Any CPU.Build.0 = Release|Any CPU
		{FCD5A3B0-19BC-44D4-8AE8-8CB348A76937}.Release|x64.ActiveCfg = Release|Any CPU
		{FCD5A3B0-19BC-44D4-8AE8-8CB348A76937}.Release|x64.Build.0 = Release|Any CPU
		{FCD5A3B0-19BC-44D4-8AE8-8CB348A76937}.Release|x86.ActiveCfg = Release|Any CPU
		{FCD5A3B0-19BC-44D4-8AE8-8CB348A76937}.Release|x86.Build.0 = Release|Any CPU
		{F58E396D-3F0B-4124-A4BA-EA8ED0C7683A}.Debug|Any CPU.ActiveCfg = Debug|Any CPU
		{F58E396D-3F0B-4124-A4BA-EA8ED0C7683A}.Debug|Any CPU.Build.0 = Debug|Any CPU
		{F58E396D-3F0B-4124-A4BA-EA8ED0C7683A}.Debug|x64.ActiveCfg = Debug|Any CPU
		{F58E396D-3F0B-4124-A4BA-EA8ED0C7683A}.Debug|x64.Build.0 = Debug|Any CPU
		{F58E396D-3F0B-4124-A4BA-EA8ED0C7683A}.Debug|x86.ActiveCfg = Debug|Any CPU
		{F58E396D-3F0B-4124-A4BA-EA8ED0C7683A}.Debug|x86.Build.0 = Debug|Any CPU
		{F58E396D-3F0B-4124-A4BA-EA8ED0C7683A}.Release|Any CPU.ActiveCfg = Release|Any CPU
		{F58E396D-3F0B-4124-A4BA-EA8ED0C7683A}.Release|Any CPU.Build.0 = Release|Any CPU
		{F58E396D-3F0B-4124-A4BA-EA8ED0C7683A}.Release|x64.ActiveCfg = Release|Any CPU
		{F58E396D-3F0B-4124-A4BA-EA8ED0C7683A}.Release|x64.Build.0 = Release|Any CPU
		{F58E396D-3F0B-4124-A4BA-EA8ED0C7683A}.Release|x86.ActiveCfg = Release|Any CPU
		{F58E396D-3F0B-4124-A4BA-EA8ED0C7683A}.Release|x86.Build.0 = Release|Any CPU
	EndGlobalSection
	GlobalSection(NestedProjects) = preSolution
		{67F87A30-4A09-4BE3-80A8-F968B133F3A3} = {B6F62398-1728-4D63-B265-B4DAD73D2ED0}
		{FCD5A3B0-19BC-44D4-8AE8-8CB348A76937} = {B6F62398-1728-4D63-B265-B4DAD73D2ED0}
		{F58E396D-3F0B-4124-A4BA-EA8ED0C7683A} = {B6F62398-1728-4D63-B265-B4DAD73D2ED0}
	EndGlobalSection
EndGlobal
